
Microsoft Visual Studio Solution File, Format Version 12.00
# Visual Studio Version 17
VisualStudioVersion = 17.3.32929.385
MinimumVisualStudioVersion = 10.0.40219.1
Project("{FAE04EC0-301F-11D3-BF4B-00C04F79EFBC}") = "Class", "Class\Class.csproj", "{4D7DA02B-81EA-4E11-BFCE-A559632B8DDF}"
EndProject
Global
	GlobalSection(SolutionConfigurationPlatforms) = preSolution
		Debug|Any CPU = Debug|Any CPU
		Release|Any CPU = Release|Any CPU
	EndGlobalSection
	GlobalSection(ProjectConfigurationPlatforms) = postSolution
		{4D7DA02B-81EA-4E11-BFCE-A559632B8DDF}.Debug|Any CPU.ActiveCfg = Debug|Any CPU
		{4D7DA02B-81EA-4E11-BFCE-A559632B8DDF}.Debug|Any CPU.Build.0 = Debug|Any CPU
		{4D7DA02B-81EA-4E11-BFCE-A559632B8DDF}.Release|Any CPU.ActiveCfg = Release|Any CPU
		{4D7DA02B-81EA-4E11-BFCE-A559632B8DDF}.Release|Any CPU.Build.0 = Release|Any CPU
	EndGlobalSection
	GlobalSection(SolutionProperties) = preSolution
		HideSolutionNode = FALSE
	EndGlobalSection
	GlobalSection(ExtensibilityGlobals) = postSolution
		SolutionGuid = {A5AB0ABD-AD6E-4CE4-921B-A137BB354002}
	EndGlobalSection
EndGlobal
